
Microsoft Visual Studio Solution File, Format Version 12.00
# Visual Studio Version 17
VisualStudioVersion = 17.7.34018.315
MinimumVisualStudioVersion = 10.0.40219.1
Project("{9A19103F-16F7-4668-BE54-9A1E7A4F7556}") = "TestePratico.Application", "TestePratico.Applicationn\TestePratico.Application.csproj", "{47323B38-6EB0-4473-9EC1-FD6E908BD37C}"
EndProject
Project("{9A19103F-16F7-4668-BE54-9A1E7A4F7556}") = "TestePratico.Domain", "TestePratico.Domain\TestePratico.Domain.csproj", "{7C97D25D-84C7-43F1-8A38-1B1F9A9D4F8D}"
EndProject
Project("{9A19103F-16F7-4668-BE54-9A1E7A4F7556}") = "TestePratico.Service", "TestePratico.Service\TestePratico.Service.csproj", "{81AFDFED-42BF-4745-B0F4-ADBE823785F1}"
EndProject
Project("{9A19103F-16F7-4668-BE54-9A1E7A4F7556}") = "TestePratico.Infra.Data", "TestePratico.Data\TestePratico.Infra.Data.csproj", "{6C04047C-39A4-4218-8BE3-0D52D54DA144}"
EndProject
Project("{9A19103F-16F7-4668-BE54-9A1E7A4F7556}") = "TestePratico.Infra.CrossCutting", "TestePratico.Infra.CrossCutting\TestePratico.Infra.CrossCutting.csproj", "{430CBF5A-40F5-437E-9533-60130B8C31A5}"
EndProject
Global
	GlobalSection(SolutionConfigurationPlatforms) = preSolution
		Debug|Any CPU = Debug|Any CPU
		Release|Any CPU = Release|Any CPU
	EndGlobalSection
	GlobalSection(ProjectConfigurationPlatforms) = postSolution
		{47323B38-6EB0-4473-9EC1-FD6E908BD37C}.Debug|Any CPU.ActiveCfg = Debug|Any CPU
		{47323B38-6EB0-4473-9EC1-FD6E908BD37C}.Debug|Any CPU.Build.0 = Debug|Any CPU
		{47323B38-6EB0-4473-9EC1-FD6E908BD37C}.Release|Any CPU.ActiveCfg = Release|Any CPU
		{47323B38-6EB0-4473-9EC1-FD6E908BD37C}.Release|Any CPU.Build.0 = Release|Any CPU
		{7C97D25D-84C7-43F1-8A38-1B1F9A9D4F8D}.Debug|Any CPU.ActiveCfg = Debug|Any CPU
		{7C97D25D-84C7-43F1-8A38-1B1F9A9D4F8D}.Debug|Any CPU.Build.0 = Debug|Any CPU
		{7C97D25D-84C7-43F1-8A38-1B1F9A9D4F8D}.Release|Any CPU.ActiveCfg = Release|Any CPU
		{7C97D25D-84C7-43F1-8A38-1B1F9A9D4F8D}.Release|Any CPU.Build.0 = Release|Any CPU
		{81AFDFED-42BF-4745-B0F4-ADBE823785F1}.Debug|Any CPU.ActiveCfg = Debug|Any CPU
		{81AFDFED-42BF-4745-B0F4-ADBE823785F1}.Debug|Any CPU.Build.0 = Debug|Any CPU
		{81AFDFED-42BF-4745-B0F4-ADBE823785F1}.Release|Any CPU.ActiveCfg = Release|Any CPU
		{81AFDFED-42BF-4745-B0F4-ADBE823785F1}.Release|Any CPU.Build.0 = Release|Any CPU
		{6C04047C-39A4-4218-8BE3-0D52D54DA144}.Debug|Any CPU.ActiveCfg = Debug|Any CPU
		{6C04047C-39A4-4218-8BE3-0D52D54DA144}.Debug|Any CPU.Build.0 = Debug|Any CPU
		{6C04047C-39A4-4218-8BE3-0D52D54DA144}.Release|Any CPU.ActiveCfg = Release|Any CPU
		{6C04047C-39A4-4218-8BE3-0D52D54DA144}.Release|Any CPU.Build.0 = Release|Any CPU
		{430CBF5A-40F5-437E-9533-60130B8C31A5}.Debug|Any CPU.ActiveCfg = Debug|Any CPU
		{430CBF5A-40F5-437E-9533-60130B8C31A5}.Debug|Any CPU.Build.0 = Debug|Any CPU
		{430CBF5A-40F5-437E-9533-60130B8C31A5}.Release|Any CPU.ActiveCfg = Release|Any CPU
		{430CBF5A-40F5-437E-9533-60130B8C31A5}.Release|Any CPU.Build.0 = Release|Any CPU
	EndGlobalSection
	GlobalSection(SolutionProperties) = preSolution
		HideSolutionNode = FALSE
	EndGlobalSection
	GlobalSection(ExtensibilityGlobals) = postSolution
		SolutionGuid = {4A343B7B-02CB-4ECA-B4E8-AB0480DF43CE}
	EndGlobalSection
EndGlobal
